
Microsoft Visual Studio Solution File, Format Version 12.00
# Visual Studio Version 17
VisualStudioVersion = 17.2.32630.192
MinimumVisualStudioVersion = 10.0.40219.1
Project("{9A19103F-16F7-4668-BE54-9A1E7A4F7556}") = "WalletApp", "WalletApp\WalletApp.csproj", "{7BF00B6D-5B50-4D36-A766-68E26D34AFCD}"
EndProject
Project("{9A19103F-16F7-4668-BE54-9A1E7A4F7556}") = "EFCoreRepository", "EFCoreRepository\EFCoreRepository.csproj", "{A04835AC-0684-4B13-B0BB-1C69B184A2C8}"
EndProject
Project("{FAE04EC0-301F-11D3-BF4B-00C04F79EFBC}") = "WalletBusinessLogic", "WalletBusinessLogic\WalletBusinessLogic.csproj", "{C345AA54-C795-422F-AF2A-D7873D211F7E}"
EndProject
Global
	GlobalSection(SolutionConfigurationPlatforms) = preSolution
		Debug|Any CPU = Debug|Any CPU
		Release|Any CPU = Release|Any CPU
	EndGlobalSection
	GlobalSection(ProjectConfigurationPlatforms) = postSolution
		{7BF00B6D-5B50-4D36-A766-68E26D34AFCD}.Debug|Any CPU.ActiveCfg = Debug|Any CPU
		{7BF00B6D-5B50-4D36-A766-68E26D34AFCD}.Debug|Any CPU.Build.0 = Debug|Any CPU
		{7BF00B6D-5B50-4D36-A766-68E26D34AFCD}.Release|Any CPU.ActiveCfg = Release|Any CPU
		{7BF00B6D-5B50-4D36-A766-68E26D34AFCD}.Release|Any CPU.Build.0 = Release|Any CPU
		{A04835AC-0684-4B13-B0BB-1C69B184A2C8}.Debug|Any CPU.ActiveCfg = Debug|Any CPU
		{A04835AC-0684-4B13-B0BB-1C69B184A2C8}.Debug|Any CPU.Build.0 = Debug|Any CPU
		{A04835AC-0684-4B13-B0BB-1C69B184A2C8}.Release|Any CPU.ActiveCfg = Release|Any CPU
		{A04835AC-0684-4B13-B0BB-1C69B184A2C8}.Release|Any CPU.Build.0 = Release|Any CPU
		{C345AA54-C795-422F-AF2A-D7873D211F7E}.Debug|Any CPU.ActiveCfg = Debug|Any CPU
		{C345AA54-C795-422F-AF2A-D7873D211F7E}.Debug|Any CPU.Build.0 = Debug|Any CPU
		{C345AA54-C795-422F-AF2A-D7873D211F7E}.Release|Any CPU.ActiveCfg = Release|Any CPU
		{C345AA54-C795-422F-AF2A-D7873D211F7E}.Release|Any CPU.Build.0 = Release|Any CPU
	EndGlobalSection
	GlobalSection(SolutionProperties) = preSolution
		HideSolutionNode = FALSE
	EndGlobalSection
	GlobalSection(ExtensibilityGlobals) = postSolution
		SolutionGuid = {CF831354-E1BA-4E2C-994D-CE35FC1C3D61}
	EndGlobalSection
EndGlobal
